// !$*UTF8*$!
{
	archiveVersion = 1;
	classes = {
	};
	objectVersion = 55;
	objects = {

/* Begin PBXBuildFile section */
		62D9B5A4299113AE0047F99E /* AppDelegate.swift in Sources */ = {isa = PBXBuildFile; fileRef = 62D9B5A3299113AE0047F99E /* AppDelegate.swift */; };
		62D9B5A6299113AE0047F99E /* SceneDelegate.swift in Sources */ = {isa = PBXBuildFile; fileRef = 62D9B5A5299113AE0047F99E /* SceneDelegate.swift */; };
		62D9B5A8299113AE0047F99E /* ViewController.swift in Sources */ = {isa = PBXBuildFile; fileRef = 62D9B5A7299113AE0047F99E /* ViewController.swift */; };
		62D9B5AB299113AE0047F99E /* Main.storyboard in Resources */ = {isa = PBXBuildFile; fileRef = 62D9B5A9299113AE0047F99E /* Main.storyboard */; };
		62D9B5AD299113B20047F99E /* Assets.xcassets in Resources */ = {isa = PBXBuildFile; fileRef = 62D9B5AC299113B20047F99E /* Assets.xcassets */; };
		62D9B5B0299113B20047F99E /* LaunchScreen.storyboard in Resources */ = {isa = PBXBuildFile; fileRef = 62D9B5AE299113B20047F99E /* LaunchScreen.storyboard */; };
		62D9B5BB29911A760047F99E /* Question.swift in Sources */ = {isa = PBXBuildFile; fileRef = 62D9B5BA29911A760047F99E /* Question.swift */; };
		62D9B5BD29911B1C0047F99E /* QuizApp.swift in Sources */ = {isa = PBXBuildFile; fileRef = 62D9B5BC29911B1C0047F99E /* QuizApp.swift */; };
/* End PBXBuildFile section */

/* Begin PBXFileReference section */
		62D9B5A0299113AE0047F99E /* QuizzGameApp.app */ = {isa = PBXFileReference; explicitFileType = wrapper.application; includeInIndex = 0; path = QuizzGameApp.app; sourceTree = BUILT_PRODUCTS_DIR; };
		62D9B5A3299113AE0047F99E /* AppDelegate.swift */ = {isa = PBXFileReference; lastKnownFileType = sourcecode.swift; path = AppDelegate.swift; sourceTree = "<group>"; };
		62D9B5A5299113AE0047F99E /* SceneDelegate.swift */ = {isa = PBXFileReference; lastKnownFileType = sourcecode.swift; path = SceneDelegate.swift; sourceTree = "<group>"; };
		62D9B5A7299113AE0047F99E /* ViewController.swift */ = {isa = PBXFileReference; lastKnownFileType = sourcecode.swift; path = ViewController.swift; sourceTree = "<group>"; };
		62D9B5AA299113AE0047F99E /* Base */ = {isa = PBXFileReference; lastKnownFileType = file.storyboard; name = Base; path = Base.lproj/Main.storyboard; sourceTree = "<group>"; };
		62D9B5AC299113B20047F99E /* Assets.xcassets */ = {isa = PBXFileReference; lastKnownFileType = folder.assetcatalog; path = Assets.xcassets; sourceTree = "<group>"; };
		62D9B5AF299113B20047F99E /* Base */ = {isa = PBXFileReference; lastKnownFileType = file.storyboard; name = Base; path = Base.lproj/LaunchScreen.storyboard; sourceTree = "<group>"; };
		62D9B5B1299113B20047F99E /* Info.plist */ = {isa = PBXFileReference; lastKnownFileType = text.plist.xml; path = Info.plist; sourceTree = "<group>"; };
		62D9B5BA29911A760047F99E /* Question.swift */ = {isa = PBXFileReference; lastKnownFileType = sourcecode.swift; path = Question.swift; sourceTree = "<group>"; };
		62D9B5BC29911B1C0047F99E /* QuizApp.swift */ = {isa = PBXFileReference; lastKnownFileType = sourcecode.swift; path = QuizApp.swift; sourceTree = "<group>"; };
/* End PBXFileReference section */

/* Begin PBXFrameworksBuildPhase section */
		62D9B59D299113AE0047F99E /* Frameworks */ = {
			isa = PBXFrameworksBuildPhase;
			buildActionMask = 2147483647;
			files = (
			);
			runOnlyForDeploymentPostprocessing = 0;
		};
/* End PBXFrameworksBuildPhase section */

/* Begin PBXGroup section */
		62D9B597299113AE0047F99E = {
			isa = PBXGroup;
			children = (
				62D9B5A2299113AE0047F99E /* QuizzGameApp */,
				62D9B5A1299113AE0047F99E /* Products */,
			);
			sourceTree = "<group>";
		};
		62D9B5A1299113AE0047F99E /* Products */ = {
			isa = PBXGroup;
			children = (
				62D9B5A0299113AE0047F99E /* QuizzGameApp.app */,
			);
			name = Products;
			sourceTree = "<group>";
		};
		62D9B5A2299113AE0047F99E /* QuizzGameApp */ = {
			isa = PBXGroup;
			children = (
				62D9B5B9299119AC0047F99E /* View */,
				62D9B5B8299119A20047F99E /* Controller */,
				62D9B5B7299119930047F99E /* Model */,
				62D9B5A3299113AE0047F99E /* AppDelegate.swift */,
				62D9B5A5299113AE0047F99E /* SceneDelegate.swift */,
				62D9B5AC299113B20047F99E /* Assets.xcassets */,
				62D9B5B1299113B20047F99E /* Info.plist */,
			);
			path = QuizzGameApp;
			sourceTree = "<group>";
		};
		62D9B5B7299119930047F99E /* Model */ = {
			isa = PBXGroup;
			children = (
				62D9B5BA29911A760047F99E /* Question.swift */,
				62D9B5BC29911B1C0047F99E /* QuizApp.swift */,
			);
			path = Model;
			sourceTree = "<group>";
		};
		62D9B5B8299119A20047F99E /* Controller */ = {
			isa = PBXGroup;
			children = (
				62D9B5A7299113AE0047F99E /* ViewController.swift */,
			);
			path = Controller;
			sourceTree = "<group>";
		};
		62D9B5B9299119AC0047F99E /* View */ = {
			isa = PBXGroup;
			children = (
				62D9B5AE299113B20047F99E /* LaunchScreen.storyboard */,
				62D9B5A9299113AE0047F99E /* Main.storyboard */,
			);
			path = View;
			sourceTree = "<group>";
		};
/* End PBXGroup section */

/* Begin PBXNativeTarget section */
		62D9B59F299113AE0047F99E /* QuizzGameApp */ = {
			isa = PBXNativeTarget;
			buildConfigurationList = 62D9B5B4299113B20047F99E /* Build configuration list for PBXNativeTarget "QuizzGameApp" */;
			buildPhases = (
				62D9B59C299113AE0047F99E /* Sources */,
				62D9B59D299113AE0047F99E /* Frameworks */,
				62D9B59E299113AE0047F99E /* Resources */,
			);
			buildRules = (
			);
			dependencies = (
			);
			name = QuizzGameApp;
			productName = QuizzGameApp;
			productReference = 62D9B5A0299113AE0047F99E /* QuizzGameApp.app */;
			productType = "com.apple.product-type.application";
		};
/* End PBXNativeTarget section */

/* Begin PBXProject section */
		62D9B598299113AE0047F99E /* Project object */ = {
			isa = PBXProject;
			attributes = {
				BuildIndependentTargetsInParallel = 1;
				LastSwiftUpdateCheck = 1340;
				LastUpgradeCheck = 1340;
				TargetAttributes = {
					62D9B59F299113AE0047F99E = {
						CreatedOnToolsVersion = 13.4.1;
					};
				};
			};
			buildConfigurationList = 62D9B59B299113AE0047F99E /* Build configuration list for PBXProject "QuizzGameApp" */;
			compatibilityVersion = "Xcode 13.0";
			developmentRegion = en;
			hasScannedForEncodings = 0;
			knownRegions = (
				en,
				Base,
			);
			mainGroup = 62D9B597299113AE0047F99E;
			productRefGroup = 62D9B5A1299113AE0047F99E /* Products */;
			projectDirPath = "";
			projectRoot = "";
			targets = (
				62D9B59F299113AE0047F99E /* QuizzGameApp */,
			);
		};
/* End PBXProject section */

/* Begin PBXResourcesBuildPhase section */
		62D9B59E299113AE0047F99E /* Resources */ = {
			isa = PBXResourcesBuildPhase;
			buildActionMask = 2147483647;
			files = (
				62D9B5B0299113B20047F99E /* LaunchScreen.storyboard in Resources */,
				62D9B5AD299113B20047F99E /* Assets.xcassets in Resources */,
				62D9B5AB299113AE0047F99E /* Main.storyboard in Resources */,
			);
			runOnlyForDeploymentPostprocessing = 0;
		};
/* End PBXResourcesBuildPhase section */

/* Begin PBXSourcesBuildPhase section */
		62D9B59C299113AE0047F99E /* Sources */ = {
			isa = PBXSourcesBuildPhase;
			buildActionMask = 2147483647;
			files = (
				62D9B5A8299113AE0047F99E /* ViewController.swift in Sources */,
				62D9B5BD29911B1C0047F99E /* QuizApp.swift in Sources */,
				62D9B5BB29911A760047F99E /* Question.swift in Sources */,
				62D9B5A4299113AE0047F99E /* AppDelegate.swift in Sources */,
				62D9B5A6299113AE0047F99E /* SceneDelegate.swift in Sources */,
			);
			runOnlyForDeploymentPostprocessing = 0;
		};
/* End PBXSourcesBuildPhase section */

/* Begin PBXVariantGroup section */
		62D9B5A9299113AE0047F99E /* Main.storyboard */ = {
			isa = PBXVariantGroup;
			children = (
				62D9B5AA299113AE0047F99E /* Base */,
			);
			name = Main.storyboard;
			sourceTree = "<group>";
		};
		62D9B5AE299113B20047F99E /* LaunchScreen.storyboard */ = {
			isa = PBXVariantGroup;
			children = (
				62D9B5AF299113B20047F99E /* Base */,
			);
			name = LaunchScreen.storyboard;
			sourceTree = "<group>";
		};
/* End PBXVariantGroup section */

/* Begin XCBuildConfiguration section */
		62D9B5B2299113B20047F99E /* Debug */ = {
			isa = XCBuildConfiguration;
			buildSettings = {
				ALWAYS_SEARCH_USER_PATHS = NO;
				CLANG_ANALYZER_NONNULL = YES;
				CLANG_ANALYZER_NUMBER_OBJECT_CONVERSION = YES_AGGRESSIVE;
				CLANG_CXX_LANGUAGE_STANDARD = "gnu++17";
				CLANG_ENABLE_MODULES = YES;
				CLANG_ENABLE_OBJC_ARC = YES;
				CLANG_ENABLE_OBJC_WEAK = YES;
				CLANG_WARN_BLOCK_CAPTURE_AUTORELEASING = YES;
				CLANG_WARN_BOOL_CONVERSION = YES;
				CLANG_WARN_COMMA = YES;
				CLANG_WARN_CONSTANT_CONVERSION = YES;
				CLANG_WARN_DEPRECATED_OBJC_IMPLEMENTATIONS = YES;
				CLANG_WARN_DIRECT_OBJC_ISA_USAGE = YES_ERROR;
				CLANG_WARN_DOCUMENTATION_COMMENTS = YES;
				CLANG_WARN_EMPTY_BODY = YES;
				CLANG_WARN_ENUM_CONVERSION = YES;
				CLANG_WARN_INFINITE_RECURSION = YES;
				CLANG_WARN_INT_CONVERSION = YES;
				CLANG_WARN_NON_LITERAL_NULL_CONVERSION = YES;
				CLANG_WARN_OBJC_IMPLICIT_RETAIN_SELF = YES;
				CLANG_WARN_OBJC_LITERAL_CONVERSION = YES;
				CLANG_WARN_OBJC_ROOT_CLASS = YES_ERROR;
				CLANG_WARN_QUOTED_INCLUDE_IN_FRAMEWORK_HEADER = YES;
				CLANG_WARN_RANGE_LOOP_ANALYSIS = YES;
				CLANG_WARN_STRICT_PROTOTYPES = YES;
				CLANG_WARN_SUSPICIOUS_MOVE = YES;
				CLANG_WARN_UNGUARDED_AVAILABILITY = YES_AGGRESSIVE;
				CLANG_WARN_UNREACHABLE_CODE = YES;
				CLANG_WARN__DUPLICATE_METHOD_MATCH = YES;
				COPY_PHASE_STRIP = NO;
				DEBUG_INFORMATION_FORMAT = dwarf;
				ENABLE_STRICT_OBJC_MSGSEND = YES;
				ENABLE_TESTABILITY = YES;
				GCC_C_LANGUAGE_STANDARD = gnu11;
				GCC_DYNAMIC_NO_PIC = NO;
				GCC_NO_COMMON_BLOCKS = YES;
				GCC_OPTIMIZATION_LEVEL = 0;
				GCC_PREPROCESSOR_DEFINITIONS = (
					"DEBUG=1",
					"$(inherited)",
				);
				GCC_WARN_64_TO_32_BIT_CONVERSION = YES;
				GCC_WARN_ABOUT_RETURN_TYPE = YES_ERROR;
				GCC_WARN_UNDECLARED_SELECTOR = YES;
				GCC_WARN_UNINITIALIZED_AUTOS = YES_AGGRESSIVE;
				GCC_WARN_UNUSED_FUNCTION = YES;
				GCC_WARN_UNUSED_VARIABLE = YES;
				IPHONEOS_DEPLOYMENT_TARGET = 15.5;
				MTL_ENABLE_DEBUG_INFO = INCLUDE_SOURCE;
				MTL_FAST_MATH = YES;
				ONLY_ACTIVE_ARCH = YES;
				SDKROOT = iphoneos;
				SWIFT_ACTIVE_COMPILATION_CONDITIONS = DEBUG;
				SWIFT_OPTIMIZATION_LEVEL = "-Onone";
			};
			name = Debug;
		};
		62D9B5B3299113B20047F99E /* Release */ = {
			isa = XCBuildConfiguration;
			buildSettings = {
				ALWAYS_SEARCH_USER_PATHS = NO;
				CLANG_ANALYZER_NONNULL = YES;
				CLANG_ANALYZER_NUMBER_OBJECT_CONVERSION = YES_AGGRESSIVE;
				CLANG_CXX_LANGUAGE_STANDARD = "gnu++17";
				CLANG_ENABLE_MODULES = YES;
				CLANG_ENABLE_OBJC_ARC = YES;
				CLANG_ENABLE_OBJC_WEAK = YES;
				CLANG_WARN_BLOCK_CAPTURE_AUTORELEASING = YES;
				CLANG_WARN_BOOL_CONVERSION = YES;
				CLANG_WARN_COMMA = YES;
				CLANG_WARN_CONSTANT_CONVERSION = YES;
				CLANG_WARN_DEPRECATED_OBJC_IMPLEMENTATIONS = YES;
				CLANG_WARN_DIRECT_OBJC_ISA_USAGE = YES_ERROR;
				CLANG_WARN_DOCUMENTATION_COMMENTS = YES;
				CLANG_WARN_EMPTY_BODY = YES;
				CLANG_WARN_ENUM_CONVERSION = YES;
				CLANG_WARN_INFINITE_RECURSION = YES;
				CLANG_WARN_INT_CONVERSION = YES;
				CLANG_WARN_NON_LITERAL_NULL_CONVERSION = YES;
				CLANG_WARN_OBJC_IMPLICIT_RETAIN_SELF = YES;
				CLANG_WARN_OBJC_LITERAL_CONVERSION = YES;
				CLANG_WARN_OBJC_ROOT_CLASS = YES_ERROR;
				CLANG_WARN_QUOTED_INCLUDE_IN_FRAMEWORK_HEADER = YES;
				CLANG_WARN_RANGE_LOOP_ANALYSIS = YES;
				CLANG_WARN_STRICT_PROTOTYPES = YES;
				CLANG_WARN_SUSPICIOUS_MOVE = YES;
				CLANG_WARN_UNGUARDED_AVAILABILITY = YES_AGGRESSIVE;
				CLANG_WARN_UNREACHABLE_CODE = YES;
				CLANG_WARN__DUPLICATE_METHOD_MATCH = YES;
				COPY_PHASE_STRIP = NO;
				DEBUG_INFORMATION_FORMAT = "dwarf-with-dsym";
				ENABLE_NS_ASSERTIONS = NO;
				ENABLE_STRICT_OBJC_MSGSEND = YES;
				GCC_C_LANGUAGE_STANDARD = gnu11;
				GCC_NO_COMMON_BLOCKS = YES;
				GCC_WARN_64_TO_32_BIT_CONVERSION = YES;
				GCC_WARN_ABOUT_RETURN_TYPE = YES_ERROR;
				GCC_WARN_UNDECLARED_SELECTOR = YES;
				GCC_WARN_UNINITIALIZED_AUTOS = YES_AGGRESSIVE;
				GCC_WARN_UNUSED_FUNCTION = YES;
				GCC_WARN_UNUSED_VARIABLE = YES;
				IPHONEOS_DEPLOYMENT_TARGET = 15.5;
				MTL_ENABLE_DEBUG_INFO = NO;
				MTL_FAST_MATH = YES;
				SDKROOT = iphoneos;
				SWIFT_COMPILATION_MODE = wholemodule;
				SWIFT_OPTIMIZATION_LEVEL = "-O";
				VALIDATE_PRODUCT = YES;
			};
			name = Release;
		};
		62D9B5B5299113B20047F99E /* Debug */ = {
			isa = XCBuildConfiguration;
			buildSettings = {
				ASSETCATALOG_COMPILER_APPICON_NAME = AppIcon;
				ASSETCATALOG_COMPILER_GLOBAL_ACCENT_COLOR_NAME = AccentColor;
				CODE_SIGN_STYLE = Automatic;
				CURRENT_PROJECT_VERSION = 1;
				GENERATE_INFOPLIST_FILE = YES;
				INFOPLIST_FILE = QuizzGameApp/Info.plist;
				INFOPLIST_KEY_UIApplicationSupportsIndirectInputEvents = YES;
				INFOPLIST_KEY_UILaunchStoryboardName = LaunchScreen;
				INFOPLIST_KEY_UIMainStoryboardFile = Main;
				INFOPLIST_KEY_UISupportedInterfaceOrientations_iPad = "UIInterfaceOrientationPortrait UIInterfaceOrientationPortraitUpsideDown UIInterfaceOrientationLandscapeLeft UIInterfaceOrientationLandscapeRight";
				INFOPLIST_KEY_UISupportedInterfaceOrientations_iPhone = "UIInterfaceOrientationPortrait UIInterfaceOrientationLandscapeLeft UIInterfaceOrientationLandscapeRight";
				LD_RUNPATH_SEARCH_PATHS = (
					"$(inherited)",
					"@executable_path/Frameworks",
				);
				MARKETING_VERSION = 1.0;
				PRODUCT_BUNDLE_IDENTIFIER = com.nvhung.QuizzGameApp;
				PRODUCT_NAME = "$(TARGET_NAME)";
				SWIFT_EMIT_LOC_STRINGS = YES;
				SWIFT_VERSION = 5.0;
				TARGETED_DEVICE_FAMILY = "1,2";
			};
			name = Debug;
		};
		62D9B5B6299113B20047F99E /* Release */ = {
			isa = XCBuildConfiguration;
			buildSettings = {
				ASSETCATALOG_COMPILER_APPICON_NAME = AppIcon;
				ASSETCATALOG_COMPILER_GLOBAL_ACCENT_COLOR_NAME = AccentColor;
				CODE_SIGN_STYLE = Automatic;
				CURRENT_PROJECT_VERSION = 1;
				GENERATE_INFOPLIST_FILE = YES;
				INFOPLIST_FILE = QuizzGameApp/Info.plist;
				INFOPLIST_KEY_UIApplicationSupportsIndirectInputEvents = YES;
				INFOPLIST_KEY_UILaunchStoryboardName = LaunchScreen;
				INFOPLIST_KEY_UIMainStoryboardFile = Main;
				INFOPLIST_KEY_UISupportedInterfaceOrientations_iPad = "UIInterfaceOrientationPortrait UIInterfaceOrientationPortraitUpsideDown UIInterfaceOrientationLandscapeLeft UIInterfaceOrientationLandscapeRight";
				INFOPLIST_KEY_UISupportedInterfaceOrientations_iPhone = "UIInterfaceOrientationPortrait UIInterfaceOrientationLandscapeLeft UIInterfaceOrientationLandscapeRight";
				LD_RUNPATH_SEARCH_PATHS = (
					"$(inherited)",
					"@executable_path/Frameworks",
				);
				MARKETING_VERSION = 1.0;
				PRODUCT_BUNDLE_IDENTIFIER = com.nvhung.QuizzGameApp;
				PRODUCT_NAME = "$(TARGET_NAME)";
				SWIFT_EMIT_LOC_STRINGS = YES;
				SWIFT_VERSION = 5.0;
				TARGETED_DEVICE_FAMILY = "1,2";
			};
			name = Release;
		};
/* End XCBuildConfiguration section */

/* Begin XCConfigurationList section */
		62D9B59B299113AE0047F99E /* Build configuration list for PBXProject "QuizzGameApp" */ = {
			isa = XCConfigurationList;
			buildConfigurations = (
				62D9B5B2299113B20047F99E /* Debug */,
				62D9B5B3299113B20047F99E /* Release */,
			);
			defaultConfigurationIsVisible = 0;
			defaultConfigurationName = Release;
		};
		62D9B5B4299113B20047F99E /* Build configuration list for PBXNativeTarget "QuizzGameApp" */ = {
			isa = XCConfigurationList;
			buildConfigurations = (
				62D9B5B5299113B20047F99E /* Debug */,
				62D9B5B6299113B20047F99E /* Release */,
			);
			defaultConfigurationIsVisible = 0;
			defaultConfigurationName = Release;
		};
/* End XCConfigurationList section */
	};
	rootObject = 62D9B598299113AE0047F99E /* Project object */;
}
